<?xml version="1.0" encoding="utf-8"?>
<Project ToolsVersion="4.0" xmlns="http://schemas.microsoft.com/developer/msbuild/2003">
  <ItemGroup>
    <Filter Include="Source Files">
      <UniqueIdentifier>{4FC737F1-C7A5-4376-A066-2A32D752A2FF}</UniqueIdentifier>
      <Extensions>cpp;c;cc;cxx;def;odl;idl;hpj;bat;asm;asmx</Extensions>
    </Filter>
    <Filter Include="Resource Files">
      <UniqueIdentifier>{67DA6AB6-F800-4c08-8B7A-83BB121AAD01}</UniqueIdentifier>
      <Extensions>rc;ico;cur;bmp;dlg;rc2;rct;bin;rgs;gif;jpg;jpeg;jpe;resx;tiff;tif;png;wav;mfcribbon-ms</Extensions>
    </Filter>
    <Filter Include="Header FIle">
      <UniqueIdentifier>{20a1cf09-58b2-4e6d-a00e-713b5a2f185d}</UniqueIdentifier>
    </Filter>
  </ItemGroup>
  <ItemGroup>
    <ClCompile Include="iMain.cpp">
      <Filter>Source Files</Filter>
    </ClCompile>
  </ItemGroup>
  <ItemGroup>
    <ClInclude Include="music.hpp">
      <Filter>Header FIle</Filter>
    </ClInclude>
    <ClInclude Include="display.hpp">
      <Filter>Header FIle</Filter>
    </ClInclude>
    <ClInclude Include="loadingbar.hpp">
      <Filter>Header FIle</Filter>
    </ClInclude>
    <ClInclude Include="gamestate.hpp">
      <Filter>Header FIle</Filter>
    </ClInclude>
    <ClInclude Include="obstacle.hpp">
      <Filter>Header FIle</Filter>
    </ClInclude>
    <ClInclude Include="heroPlayer.hpp">
      <Filter>Header FIle</Filter>
    </ClInclude>
    <ClInclude Include="respawn.hpp">
      <Filter>Header FIle</Filter>
    </ClInclude>
    <ClInclude Include="collision.hpp">
      <Filter>Header FIle</Filter>
    </ClInclude>
    <ClInclude Include="gameposition.hpp">
      <Filter>Header FIle</Filter>
    </ClInclude>
    <ClInclude Include="popUp.hpp">
      <Filter>Header FIle</Filter>
    </ClInclude>
    <ClInclude Include="miniBoss.hpp">
      <Filter>Header FIle</Filter>
    </ClInclude>
  </ItemGroup>
</Project>